// !$*UTF8*$!
{
	archiveVersion = 1;
	classes = {
	};
	objectVersion = 56;
	objects = {

/* Begin PBXBuildFile section */
		22242A212BD5E86400D5E116 /* GroupsView.swift in Sources */ = {isa = PBXBuildFile; fileRef = 22242A202BD5E86400D5E116 /* GroupsView.swift */; };
		22242A232BD71F3F00D5E116 /* AddGroupView.swift in Sources */ = {isa = PBXBuildFile; fileRef = 22242A222BD71F3F00D5E116 /* AddGroupView.swift */; };
		22242A2B2BF14F8600D5E116 /* CategorySection.swift in Sources */ = {isa = PBXBuildFile; fileRef = 22242A2A2BF14F8600D5E116 /* CategorySection.swift */; };
		22242A2F2BF646B100D5E116 /* AmountTitleSection.swift in Sources */ = {isa = PBXBuildFile; fileRef = 22242A2E2BF646B100D5E116 /* AmountTitleSection.swift */; };
		22242A312BF647BC00D5E116 /* MembersToggleSection.swift in Sources */ = {isa = PBXBuildFile; fileRef = 22242A302BF647BC00D5E116 /* MembersToggleSection.swift */; };
		22242A412BF8CAC200D5E116 /* CreateTransactionsTests.swift in Sources */ = {isa = PBXBuildFile; fileRef = 22242A402BF8CAC200D5E116 /* CreateTransactionsTests.swift */; };
		2229103E2BC1905B000FE888 /* SplitCircleApp.swift in Sources */ = {isa = PBXBuildFile; fileRef = 2229103D2BC1905B000FE888 /* SplitCircleApp.swift */; };
		222910402BC1905B000FE888 /* ContentView.swift in Sources */ = {isa = PBXBuildFile; fileRef = 2229103F2BC1905B000FE888 /* ContentView.swift */; };
		222910442BC1905C000FE888 /* Assets.xcassets in Resources */ = {isa = PBXBuildFile; fileRef = 222910432BC1905C000FE888 /* Assets.xcassets */; };
		222910472BC1905C000FE888 /* Preview Assets.xcassets in Resources */ = {isa = PBXBuildFile; fileRef = 222910462BC1905C000FE888 /* Preview Assets.xcassets */; };
		222910532BC1905C000FE888 /* SplitCircleTests.swift in Sources */ = {isa = PBXBuildFile; fileRef = 222910522BC1905C000FE888 /* SplitCircleTests.swift */; };
		2229105D2BC1905C000FE888 /* SplitCircleUITests.swift in Sources */ = {isa = PBXBuildFile; fileRef = 2229105C2BC1905C000FE888 /* SplitCircleUITests.swift */; };
		2229105F2BC1905C000FE888 /* SplitCircleUITestsLaunchTests.swift in Sources */ = {isa = PBXBuildFile; fileRef = 2229105E2BC1905C000FE888 /* SplitCircleUITestsLaunchTests.swift */; };
		222910762BC1995C000FE888 /* HomeView.swift in Sources */ = {isa = PBXBuildFile; fileRef = 222910752BC1995C000FE888 /* HomeView.swift */; };
		2229108E2BC4E266000FE888 /* GroupDetailView.swift in Sources */ = {isa = PBXBuildFile; fileRef = 2229108D2BC4E266000FE888 /* GroupDetailView.swift */; };
		226A04FA2C13CF8600EFFA57 /* BalanceVeiw.swift in Sources */ = {isa = PBXBuildFile; fileRef = 226A04F92C13CF8600EFFA57 /* BalanceVeiw.swift */; };
		226A04FC2C14975400EFFA57 /* ExpenseDetailView.swift in Sources */ = {isa = PBXBuildFile; fileRef = 226A04FB2C14975400EFFA57 /* ExpenseDetailView.swift */; };
		22881F702C0D4CE800444A63 /* ExpenseRow.swift in Sources */ = {isa = PBXBuildFile; fileRef = 22881F6F2C0D4CE800444A63 /* ExpenseRow.swift */; };
		22881F722C0D4D6000444A63 /* ExpensesView.swift in Sources */ = {isa = PBXBuildFile; fileRef = 22881F712C0D4D6000444A63 /* ExpensesView.swift */; };
		22881F772C13446000444A63 /* FilledButton.swift in Sources */ = {isa = PBXBuildFile; fileRef = 22881F762C13446000444A63 /* FilledButton.swift */; };
		22B2B25A2C15F461009A438C /* SplitCircleSchemaV1.swift in Sources */ = {isa = PBXBuildFile; fileRef = 22B2B2592C15F461009A438C /* SplitCircleSchemaV1.swift */; };
		22B2B25C2C15F715009A438C /* Constants.swift in Sources */ = {isa = PBXBuildFile; fileRef = 22B2B25B2C15F715009A438C /* Constants.swift */; };
		22B2B2602C15FBFD009A438C /* SplitCircleMigrationPlan.swift in Sources */ = {isa = PBXBuildFile; fileRef = 22B2B25F2C15FBFD009A438C /* SplitCircleMigrationPlan.swift */; };
		22E83ECF2BD0AB0800D49000 /* BalanceCardView.swift in Sources */ = {isa = PBXBuildFile; fileRef = 22E83ECE2BD0AB0800D49000 /* BalanceCardView.swift */; };
		D1A4A9382C1A725900B2CAF0 /* FilledButtonWithDisable.swift in Sources */ = {isa = PBXBuildFile; fileRef = D1A4A9372C1A725900B2CAF0 /* FilledButtonWithDisable.swift */; };
		D1BAFDED2BD0B6B800524D3A /* AddExpenseView.swift in Sources */ = {isa = PBXBuildFile; fileRef = D1BAFDEC2BD0B6B800524D3A /* AddExpenseView.swift */; };
		D1BAFDEF2BD0B83200524D3A /* SettingView.swift in Sources */ = {isa = PBXBuildFile; fileRef = D1BAFDEE2BD0B83200524D3A /* SettingView.swift */; };
		D1BAFDF12BD3386B00524D3A /* BalanceDetailView.swift in Sources */ = {isa = PBXBuildFile; fileRef = D1BAFDF02BD3386B00524D3A /* BalanceDetailView.swift */; };
		D1E98A352BD7422F002C1606 /* AmountView.swift in Sources */ = {isa = PBXBuildFile; fileRef = D1E98A342BD7422F002C1606 /* AmountView.swift */; };
		D1E98A382BD74255002C1606 /* WhoPaidView.swift in Sources */ = {isa = PBXBuildFile; fileRef = D1E98A372BD74255002C1606 /* WhoPaidView.swift */; };
		D1E98A3A2BD74274002C1606 /* ForWhoView.swift in Sources */ = {isa = PBXBuildFile; fileRef = D1E98A392BD74274002C1606 /* ForWhoView.swift */; };
		D1F35AB62BD72F6D00E75E74 /* AllGroupsView.swift in Sources */ = {isa = PBXBuildFile; fileRef = D1F35AB52BD72F6D00E75E74 /* AllGroupsView.swift */; };
/* End PBXBuildFile section */

/* Begin PBXContainerItemProxy section */
		2229104F2BC1905C000FE888 /* PBXContainerItemProxy */ = {
			isa = PBXContainerItemProxy;
			containerPortal = 222910322BC1905B000FE888 /* Project object */;
			proxyType = 1;
			remoteGlobalIDString = 222910392BC1905B000FE888;
			remoteInfo = SplitCircle;
		};
		222910592BC1905C000FE888 /* PBXContainerItemProxy */ = {
			isa = PBXContainerItemProxy;
			containerPortal = 222910322BC1905B000FE888 /* Project object */;
			proxyType = 1;
			remoteGlobalIDString = 222910392BC1905B000FE888;
			remoteInfo = SplitCircle;
		};
/* End PBXContainerItemProxy section */

/* Begin PBXFileReference section */
		22242A202BD5E86400D5E116 /* GroupsView.swift */ = {isa = PBXFileReference; lastKnownFileType = sourcecode.swift; path = GroupsView.swift; sourceTree = "<group>"; };
		22242A222BD71F3F00D5E116 /* AddGroupView.swift */ = {isa = PBXFileReference; lastKnownFileType = sourcecode.swift; path = AddGroupView.swift; sourceTree = "<group>"; };
		22242A2A2BF14F8600D5E116 /* CategorySection.swift */ = {isa = PBXFileReference; lastKnownFileType = sourcecode.swift; path = CategorySection.swift; sourceTree = "<group>"; };
		22242A2E2BF646B100D5E116 /* AmountTitleSection.swift */ = {isa = PBXFileReference; lastKnownFileType = sourcecode.swift; path = AmountTitleSection.swift; sourceTree = "<group>"; };
		22242A302BF647BC00D5E116 /* MembersToggleSection.swift */ = {isa = PBXFileReference; lastKnownFileType = sourcecode.swift; path = MembersToggleSection.swift; sourceTree = "<group>"; };
		22242A402BF8CAC200D5E116 /* CreateTransactionsTests.swift */ = {isa = PBXFileReference; lastKnownFileType = sourcecode.swift; path = CreateTransactionsTests.swift; sourceTree = "<group>"; };
		2229103A2BC1905B000FE888 /* SplitCircle.app */ = {isa = PBXFileReference; explicitFileType = wrapper.application; includeInIndex = 0; path = SplitCircle.app; sourceTree = BUILT_PRODUCTS_DIR; };
		2229103D2BC1905B000FE888 /* SplitCircleApp.swift */ = {isa = PBXFileReference; lastKnownFileType = sourcecode.swift; path = SplitCircleApp.swift; sourceTree = "<group>"; };
		2229103F2BC1905B000FE888 /* ContentView.swift */ = {isa = PBXFileReference; lastKnownFileType = sourcecode.swift; path = ContentView.swift; sourceTree = "<group>"; };
		222910432BC1905C000FE888 /* Assets.xcassets */ = {isa = PBXFileReference; lastKnownFileType = folder.assetcatalog; path = Assets.xcassets; sourceTree = "<group>"; };
		222910462BC1905C000FE888 /* Preview Assets.xcassets */ = {isa = PBXFileReference; lastKnownFileType = folder.assetcatalog; path = "Preview Assets.xcassets"; sourceTree = "<group>"; };
		222910482BC1905C000FE888 /* SplitCircle.entitlements */ = {isa = PBXFileReference; lastKnownFileType = text.plist.entitlements; path = SplitCircle.entitlements; sourceTree = "<group>"; };
		222910492BC1905C000FE888 /* Info.plist */ = {isa = PBXFileReference; lastKnownFileType = text.plist.xml; path = Info.plist; sourceTree = "<group>"; };
		2229104E2BC1905C000FE888 /* SplitCircleTests.xctest */ = {isa = PBXFileReference; explicitFileType = wrapper.cfbundle; includeInIndex = 0; path = SplitCircleTests.xctest; sourceTree = BUILT_PRODUCTS_DIR; };
		222910522BC1905C000FE888 /* SplitCircleTests.swift */ = {isa = PBXFileReference; lastKnownFileType = sourcecode.swift; path = SplitCircleTests.swift; sourceTree = "<group>"; };
		222910582BC1905C000FE888 /* SplitCircleUITests.xctest */ = {isa = PBXFileReference; explicitFileType = wrapper.cfbundle; includeInIndex = 0; path = SplitCircleUITests.xctest; sourceTree = BUILT_PRODUCTS_DIR; };
		2229105C2BC1905C000FE888 /* SplitCircleUITests.swift */ = {isa = PBXFileReference; lastKnownFileType = sourcecode.swift; path = SplitCircleUITests.swift; sourceTree = "<group>"; };
		2229105E2BC1905C000FE888 /* SplitCircleUITestsLaunchTests.swift */ = {isa = PBXFileReference; lastKnownFileType = sourcecode.swift; path = SplitCircleUITestsLaunchTests.swift; sourceTree = "<group>"; };
		222910752BC1995C000FE888 /* HomeView.swift */ = {isa = PBXFileReference; lastKnownFileType = sourcecode.swift; path = HomeView.swift; sourceTree = "<group>"; };
		2229108D2BC4E266000FE888 /* GroupDetailView.swift */ = {isa = PBXFileReference; lastKnownFileType = sourcecode.swift; path = GroupDetailView.swift; sourceTree = "<group>"; };
		226A04F92C13CF8600EFFA57 /* BalanceVeiw.swift */ = {isa = PBXFileReference; lastKnownFileType = sourcecode.swift; path = BalanceVeiw.swift; sourceTree = "<group>"; };
		226A04FB2C14975400EFFA57 /* ExpenseDetailView.swift */ = {isa = PBXFileReference; lastKnownFileType = sourcecode.swift; path = ExpenseDetailView.swift; sourceTree = "<group>"; };
		22881F6F2C0D4CE800444A63 /* ExpenseRow.swift */ = {isa = PBXFileReference; lastKnownFileType = sourcecode.swift; path = ExpenseRow.swift; sourceTree = "<group>"; };
		22881F712C0D4D6000444A63 /* ExpensesView.swift */ = {isa = PBXFileReference; lastKnownFileType = sourcecode.swift; path = ExpensesView.swift; sourceTree = "<group>"; };
		22881F762C13446000444A63 /* FilledButton.swift */ = {isa = PBXFileReference; lastKnownFileType = sourcecode.swift; path = FilledButton.swift; sourceTree = "<group>"; };
		22B2B2592C15F461009A438C /* SplitCircleSchemaV1.swift */ = {isa = PBXFileReference; lastKnownFileType = sourcecode.swift; path = SplitCircleSchemaV1.swift; sourceTree = "<group>"; };
		22B2B25B2C15F715009A438C /* Constants.swift */ = {isa = PBXFileReference; lastKnownFileType = sourcecode.swift; path = Constants.swift; sourceTree = "<group>"; };
		22B2B25F2C15FBFD009A438C /* SplitCircleMigrationPlan.swift */ = {isa = PBXFileReference; lastKnownFileType = sourcecode.swift; path = SplitCircleMigrationPlan.swift; sourceTree = "<group>"; };
		22E83ECE2BD0AB0800D49000 /* BalanceCardView.swift */ = {isa = PBXFileReference; lastKnownFileType = sourcecode.swift; path = BalanceCardView.swift; sourceTree = "<group>"; };
		D1A4A9372C1A725900B2CAF0 /* FilledButtonWithDisable.swift */ = {isa = PBXFileReference; lastKnownFileType = sourcecode.swift; path = FilledButtonWithDisable.swift; sourceTree = "<group>"; };
		D1BAFDEC2BD0B6B800524D3A /* AddExpenseView.swift */ = {isa = PBXFileReference; lastKnownFileType = sourcecode.swift; path = AddExpenseView.swift; sourceTree = "<group>"; };
		D1BAFDEE2BD0B83200524D3A /* SettingView.swift */ = {isa = PBXFileReference; lastKnownFileType = sourcecode.swift; path = SettingView.swift; sourceTree = "<group>"; };
		D1BAFDF02BD3386B00524D3A /* BalanceDetailView.swift */ = {isa = PBXFileReference; lastKnownFileType = sourcecode.swift; path = BalanceDetailView.swift; sourceTree = "<group>"; };
		D1E98A342BD7422F002C1606 /* AmountView.swift */ = {isa = PBXFileReference; lastKnownFileType = sourcecode.swift; path = AmountView.swift; sourceTree = "<group>"; };
		D1E98A372BD74255002C1606 /* WhoPaidView.swift */ = {isa = PBXFileReference; lastKnownFileType = sourcecode.swift; path = WhoPaidView.swift; sourceTree = "<group>"; };
		D1E98A392BD74274002C1606 /* ForWhoView.swift */ = {isa = PBXFileReference; lastKnownFileType = sourcecode.swift; path = ForWhoView.swift; sourceTree = "<group>"; };
		D1F35AB52BD72F6D00E75E74 /* AllGroupsView.swift */ = {isa = PBXFileReference; lastKnownFileType = sourcecode.swift; path = AllGroupsView.swift; sourceTree = "<group>"; };
/* End PBXFileReference section */

/* Begin PBXFrameworksBuildPhase section */
		222910372BC1905B000FE888 /* Frameworks */ = {
			isa = PBXFrameworksBuildPhase;
			buildActionMask = 2147483647;
			files = (
			);
			runOnlyForDeploymentPostprocessing = 0;
		};
		2229104B2BC1905C000FE888 /* Frameworks */ = {
			isa = PBXFrameworksBuildPhase;
			buildActionMask = 2147483647;
			files = (
			);
			runOnlyForDeploymentPostprocessing = 0;
		};
		222910552BC1905C000FE888 /* Frameworks */ = {
			isa = PBXFrameworksBuildPhase;
			buildActionMask = 2147483647;
			files = (
			);
			runOnlyForDeploymentPostprocessing = 0;
		};
/* End PBXFrameworksBuildPhase section */

/* Begin PBXGroup section */
		222910312BC1905B000FE888 = {
			isa = PBXGroup;
			children = (
				2229103C2BC1905B000FE888 /* SplitCircle */,
				222910512BC1905C000FE888 /* SplitCircleTests */,
				2229105B2BC1905C000FE888 /* SplitCircleUITests */,
				2229103B2BC1905B000FE888 /* Products */,
			);
			sourceTree = "<group>";
		};
		2229103B2BC1905B000FE888 /* Products */ = {
			isa = PBXGroup;
			children = (
				2229103A2BC1905B000FE888 /* SplitCircle.app */,
				2229104E2BC1905C000FE888 /* SplitCircleTests.xctest */,
				222910582BC1905C000FE888 /* SplitCircleUITests.xctest */,
			);
			name = Products;
			sourceTree = "<group>";
		};
		2229103C2BC1905B000FE888 /* SplitCircle */ = {
			isa = PBXGroup;
			children = (
				2229103D2BC1905B000FE888 /* SplitCircleApp.swift */,
				222910742BC1994C000FE888 /* Views */,
				2229106B2BC190F9000FE888 /* Models */,
				222910432BC1905C000FE888 /* Assets.xcassets */,
				222910482BC1905C000FE888 /* SplitCircle.entitlements */,
				222910492BC1905C000FE888 /* Info.plist */,
				222910452BC1905C000FE888 /* Preview Content */,
				22B2B25B2C15F715009A438C /* Constants.swift */,
			);
			path = SplitCircle;
			sourceTree = "<group>";
		};
		222910452BC1905C000FE888 /* Preview Content */ = {
			isa = PBXGroup;
			children = (
				222910462BC1905C000FE888 /* Preview Assets.xcassets */,
			);
			path = "Preview Content";
			sourceTree = "<group>";
		};
		222910512BC1905C000FE888 /* SplitCircleTests */ = {
			isa = PBXGroup;
			children = (
				222910522BC1905C000FE888 /* SplitCircleTests.swift */,
				22242A402BF8CAC200D5E116 /* CreateTransactionsTests.swift */,
			);
			path = SplitCircleTests;
			sourceTree = "<group>";
		};
		2229105B2BC1905C000FE888 /* SplitCircleUITests */ = {
			isa = PBXGroup;
			children = (
				2229105C2BC1905C000FE888 /* SplitCircleUITests.swift */,
				2229105E2BC1905C000FE888 /* SplitCircleUITestsLaunchTests.swift */,
			);
			path = SplitCircleUITests;
			sourceTree = "<group>";
		};
		2229106B2BC190F9000FE888 /* Models */ = {
			isa = PBXGroup;
			children = (
				22B2B2592C15F461009A438C /* SplitCircleSchemaV1.swift */,
				22B2B25F2C15FBFD009A438C /* SplitCircleMigrationPlan.swift */,
			);
			path = Models;
			sourceTree = "<group>";
		};
		222910742BC1994C000FE888 /* Views */ = {
			isa = PBXGroup;
			children = (
				22881F752C13444E00444A63 /* Style */,
				D1BAFDF92BD33E0300524D3A /* Setting */,
				D1BAFDF82BD33DF900524D3A /* Home */,
				D1BAFDF72BD33DD800524D3A /* Expense */,
				D1BAFDF32BD33B8C00524D3A /* Group */,
				D1BAFDF22BD33B2100524D3A /* Balance */,
				2229103F2BC1905B000FE888 /* ContentView.swift */,
			);
			path = Views;
			sourceTree = "<group>";
		};
		22881F752C13444E00444A63 /* Style */ = {
			isa = PBXGroup;
			children = (
				22881F762C13446000444A63 /* FilledButton.swift */,
				D1A4A9372C1A725900B2CAF0 /* FilledButtonWithDisable.swift */,
			);
			path = Style;
			sourceTree = "<group>";
		};
		D1BAFDF22BD33B2100524D3A /* Balance */ = {
			isa = PBXGroup;
			children = (
				22E83ECE2BD0AB0800D49000 /* BalanceCardView.swift */,
				D1BAFDF02BD3386B00524D3A /* BalanceDetailView.swift */,
				226A04F92C13CF8600EFFA57 /* BalanceVeiw.swift */,
			);
			path = Balance;
			sourceTree = "<group>";
		};
		D1BAFDF32BD33B8C00524D3A /* Group */ = {
			isa = PBXGroup;
			children = (
				2229108D2BC4E266000FE888 /* GroupDetailView.swift */,
				22242A202BD5E86400D5E116 /* GroupsView.swift */,
				22242A222BD71F3F00D5E116 /* AddGroupView.swift */,
				D1F35AB52BD72F6D00E75E74 /* AllGroupsView.swift */,
			);
			path = Group;
			sourceTree = "<group>";
		};
		D1BAFDF72BD33DD800524D3A /* Expense */ = {
			isa = PBXGroup;
			children = (
				22881F6F2C0D4CE800444A63 /* ExpenseRow.swift */,
				22881F712C0D4D6000444A63 /* ExpensesView.swift */,
				D1BAFDEC2BD0B6B800524D3A /* AddExpenseView.swift */,
				D1E98A342BD7422F002C1606 /* AmountView.swift */,
				D1E98A372BD74255002C1606 /* WhoPaidView.swift */,
				D1E98A392BD74274002C1606 /* ForWhoView.swift */,
				22242A2A2BF14F8600D5E116 /* CategorySection.swift */,
				22242A2E2BF646B100D5E116 /* AmountTitleSection.swift */,
				22242A302BF647BC00D5E116 /* MembersToggleSection.swift */,
				226A04FB2C14975400EFFA57 /* ExpenseDetailView.swift */,
			);
			path = Expense;
			sourceTree = "<group>";
		};
		D1BAFDF82BD33DF900524D3A /* Home */ = {
			isa = PBXGroup;
			children = (
				222910752BC1995C000FE888 /* HomeView.swift */,
			);
			path = Home;
			sourceTree = "<group>";
		};
		D1BAFDF92BD33E0300524D3A /* Setting */ = {
			isa = PBXGroup;
			children = (
				D1BAFDEE2BD0B83200524D3A /* SettingView.swift */,
			);
			path = Setting;
			sourceTree = "<group>";
		};
/* End PBXGroup section */

/* Begin PBXNativeTarget section */
		222910392BC1905B000FE888 /* SplitCircle */ = {
			isa = PBXNativeTarget;
			buildConfigurationList = 222910622BC1905C000FE888 /* Build configuration list for PBXNativeTarget "SplitCircle" */;
			buildPhases = (
				222910362BC1905B000FE888 /* Sources */,
				222910372BC1905B000FE888 /* Frameworks */,
				222910382BC1905B000FE888 /* Resources */,
			);
			buildRules = (
			);
			dependencies = (
			);
			name = SplitCircle;
			productName = SplitCircle;
			productReference = 2229103A2BC1905B000FE888 /* SplitCircle.app */;
			productType = "com.apple.product-type.application";
		};
		2229104D2BC1905C000FE888 /* SplitCircleTests */ = {
			isa = PBXNativeTarget;
			buildConfigurationList = 222910652BC1905C000FE888 /* Build configuration list for PBXNativeTarget "SplitCircleTests" */;
			buildPhases = (
				2229104A2BC1905C000FE888 /* Sources */,
				2229104B2BC1905C000FE888 /* Frameworks */,
				2229104C2BC1905C000FE888 /* Resources */,
			);
			buildRules = (
			);
			dependencies = (
				222910502BC1905C000FE888 /* PBXTargetDependency */,
			);
			name = SplitCircleTests;
			productName = SplitCircleTests;
			productReference = 2229104E2BC1905C000FE888 /* SplitCircleTests.xctest */;
			productType = "com.apple.product-type.bundle.unit-test";
		};
		222910572BC1905C000FE888 /* SplitCircleUITests */ = {
			isa = PBXNativeTarget;
			buildConfigurationList = 222910682BC1905C000FE888 /* Build configuration list for PBXNativeTarget "SplitCircleUITests" */;
			buildPhases = (
				222910542BC1905C000FE888 /* Sources */,
				222910552BC1905C000FE888 /* Frameworks */,
				222910562BC1905C000FE888 /* Resources */,
			);
			buildRules = (
			);
			dependencies = (
				2229105A2BC1905C000FE888 /* PBXTargetDependency */,
			);
			name = SplitCircleUITests;
			productName = SplitCircleUITests;
			productReference = 222910582BC1905C000FE888 /* SplitCircleUITests.xctest */;
			productType = "com.apple.product-type.bundle.ui-testing";
		};
/* End PBXNativeTarget section */

/* Begin PBXProject section */
		222910322BC1905B000FE888 /* Project object */ = {
			isa = PBXProject;
			attributes = {
				BuildIndependentTargetsInParallel = 1;
				LastSwiftUpdateCheck = 1520;
				LastUpgradeCheck = 1520;
				TargetAttributes = {
					222910392BC1905B000FE888 = {
						CreatedOnToolsVersion = 15.2;
					};
					2229104D2BC1905C000FE888 = {
						CreatedOnToolsVersion = 15.2;
						TestTargetID = 222910392BC1905B000FE888;
					};
					222910572BC1905C000FE888 = {
						CreatedOnToolsVersion = 15.2;
						TestTargetID = 222910392BC1905B000FE888;
					};
				};
			};
			buildConfigurationList = 222910352BC1905B000FE888 /* Build configuration list for PBXProject "SplitCircle" */;
			compatibilityVersion = "Xcode 14.0";
			developmentRegion = en;
			hasScannedForEncodings = 0;
			knownRegions = (
				en,
				Base,
			);
			mainGroup = 222910312BC1905B000FE888;
			productRefGroup = 2229103B2BC1905B000FE888 /* Products */;
			projectDirPath = "";
			projectRoot = "";
			targets = (
				222910392BC1905B000FE888 /* SplitCircle */,
				2229104D2BC1905C000FE888 /* SplitCircleTests */,
				222910572BC1905C000FE888 /* SplitCircleUITests */,
			);
		};
/* End PBXProject section */

/* Begin PBXResourcesBuildPhase section */
		222910382BC1905B000FE888 /* Resources */ = {
			isa = PBXResourcesBuildPhase;
			buildActionMask = 2147483647;
			files = (
				222910472BC1905C000FE888 /* Preview Assets.xcassets in Resources */,
				222910442BC1905C000FE888 /* Assets.xcassets in Resources */,
			);
			runOnlyForDeploymentPostprocessing = 0;
		};
		2229104C2BC1905C000FE888 /* Resources */ = {
			isa = PBXResourcesBuildPhase;
			buildActionMask = 2147483647;
			files = (
			);
			runOnlyForDeploymentPostprocessing = 0;
		};
		222910562BC1905C000FE888 /* Resources */ = {
			isa = PBXResourcesBuildPhase;
			buildActionMask = 2147483647;
			files = (
			);
			runOnlyForDeploymentPostprocessing = 0;
		};
/* End PBXResourcesBuildPhase section */

/* Begin PBXSourcesBuildPhase section */
		222910362BC1905B000FE888 /* Sources */ = {
			isa = PBXSourcesBuildPhase;
			buildActionMask = 2147483647;
			files = (
				2229108E2BC4E266000FE888 /* GroupDetailView.swift in Sources */,
				D1E98A352BD7422F002C1606 /* AmountView.swift in Sources */,
				222910402BC1905B000FE888 /* ContentView.swift in Sources */,
				2229103E2BC1905B000FE888 /* SplitCircleApp.swift in Sources */,
				D1A4A9382C1A725900B2CAF0 /* FilledButtonWithDisable.swift in Sources */,
				22B2B25C2C15F715009A438C /* Constants.swift in Sources */,
				D1BAFDEF2BD0B83200524D3A /* SettingView.swift in Sources */,
				22881F702C0D4CE800444A63 /* ExpenseRow.swift in Sources */,
				22242A232BD71F3F00D5E116 /* AddGroupView.swift in Sources */,
				222910762BC1995C000FE888 /* HomeView.swift in Sources */,
				D1BAFDF12BD3386B00524D3A /* BalanceDetailView.swift in Sources */,
				22242A2F2BF646B100D5E116 /* AmountTitleSection.swift in Sources */,
				D1F35AB62BD72F6D00E75E74 /* AllGroupsView.swift in Sources */,
				22242A212BD5E86400D5E116 /* GroupsView.swift in Sources */,
				226A04FA2C13CF8600EFFA57 /* BalanceVeiw.swift in Sources */,
				22881F772C13446000444A63 /* FilledButton.swift in Sources */,
				22242A2B2BF14F8600D5E116 /* CategorySection.swift in Sources */,
				226A04FC2C14975400EFFA57 /* ExpenseDetailView.swift in Sources */,
				22E83ECF2BD0AB0800D49000 /* BalanceCardView.swift in Sources */,
				22B2B2602C15FBFD009A438C /* SplitCircleMigrationPlan.swift in Sources */,
				22881F722C0D4D6000444A63 /* ExpensesView.swift in Sources */,
				22B2B25A2C15F461009A438C /* SplitCircleSchemaV1.swift in Sources */,
				D1E98A382BD74255002C1606 /* WhoPaidView.swift in Sources */,
				22242A312BF647BC00D5E116 /* MembersToggleSection.swift in Sources */,
				22E83ECF2BD0AB0800D49000 /* BalanceCardView.swift in Sources */,
				D1BAFDED2BD0B6B800524D3A /* AddExpenseView.swift in Sources */,
				D1E98A3A2BD74274002C1606 /* ForWhoView.swift in Sources */,
			);
			runOnlyForDeploymentPostprocessing = 0;
		};
		2229104A2BC1905C000FE888 /* Sources */ = {
			isa = PBXSourcesBuildPhase;
			buildActionMask = 2147483647;
			files = (
				22242A412BF8CAC200D5E116 /* CreateTransactionsTests.swift in Sources */,
				222910532BC1905C000FE888 /* SplitCircleTests.swift in Sources */,
			);
			runOnlyForDeploymentPostprocessing = 0;
		};
		222910542BC1905C000FE888 /* Sources */ = {
			isa = PBXSourcesBuildPhase;
			buildActionMask = 2147483647;
			files = (
				2229105D2BC1905C000FE888 /* SplitCircleUITests.swift in Sources */,
				2229105F2BC1905C000FE888 /* SplitCircleUITestsLaunchTests.swift in Sources */,
			);
			runOnlyForDeploymentPostprocessing = 0;
		};
/* End PBXSourcesBuildPhase section */

/* Begin PBXTargetDependency section */
		222910502BC1905C000FE888 /* PBXTargetDependency */ = {
			isa = PBXTargetDependency;
			target = 222910392BC1905B000FE888 /* SplitCircle */;
			targetProxy = 2229104F2BC1905C000FE888 /* PBXContainerItemProxy */;
		};
		2229105A2BC1905C000FE888 /* PBXTargetDependency */ = {
			isa = PBXTargetDependency;
			target = 222910392BC1905B000FE888 /* SplitCircle */;
			targetProxy = 222910592BC1905C000FE888 /* PBXContainerItemProxy */;
		};
/* End PBXTargetDependency section */

/* Begin XCBuildConfiguration section */
		222910602BC1905C000FE888 /* Debug */ = {
			isa = XCBuildConfiguration;
			buildSettings = {
				ALWAYS_SEARCH_USER_PATHS = NO;
				ASSETCATALOG_COMPILER_GENERATE_SWIFT_ASSET_SYMBOL_EXTENSIONS = YES;
				CLANG_ANALYZER_NONNULL = YES;
				CLANG_ANALYZER_NUMBER_OBJECT_CONVERSION = YES_AGGRESSIVE;
				CLANG_CXX_LANGUAGE_STANDARD = "gnu++20";
				CLANG_ENABLE_MODULES = YES;
				CLANG_ENABLE_OBJC_ARC = YES;
				CLANG_ENABLE_OBJC_WEAK = YES;
				CLANG_WARN_BLOCK_CAPTURE_AUTORELEASING = YES;
				CLANG_WARN_BOOL_CONVERSION = YES;
				CLANG_WARN_COMMA = YES;
				CLANG_WARN_CONSTANT_CONVERSION = YES;
				CLANG_WARN_DEPRECATED_OBJC_IMPLEMENTATIONS = YES;
				CLANG_WARN_DIRECT_OBJC_ISA_USAGE = YES_ERROR;
				CLANG_WARN_DOCUMENTATION_COMMENTS = YES;
				CLANG_WARN_EMPTY_BODY = YES;
				CLANG_WARN_ENUM_CONVERSION = YES;
				CLANG_WARN_INFINITE_RECURSION = YES;
				CLANG_WARN_INT_CONVERSION = YES;
				CLANG_WARN_NON_LITERAL_NULL_CONVERSION = YES;
				CLANG_WARN_OBJC_IMPLICIT_RETAIN_SELF = YES;
				CLANG_WARN_OBJC_LITERAL_CONVERSION = YES;
				CLANG_WARN_OBJC_ROOT_CLASS = YES_ERROR;
				CLANG_WARN_QUOTED_INCLUDE_IN_FRAMEWORK_HEADER = YES;
				CLANG_WARN_RANGE_LOOP_ANALYSIS = YES;
				CLANG_WARN_STRICT_PROTOTYPES = YES;
				CLANG_WARN_SUSPICIOUS_MOVE = YES;
				CLANG_WARN_UNGUARDED_AVAILABILITY = YES_AGGRESSIVE;
				CLANG_WARN_UNREACHABLE_CODE = YES;
				CLANG_WARN__DUPLICATE_METHOD_MATCH = YES;
				COPY_PHASE_STRIP = NO;
				DEBUG_INFORMATION_FORMAT = dwarf;
				ENABLE_STRICT_OBJC_MSGSEND = YES;
				ENABLE_TESTABILITY = YES;
				ENABLE_USER_SCRIPT_SANDBOXING = YES;
				GCC_C_LANGUAGE_STANDARD = gnu17;
				GCC_DYNAMIC_NO_PIC = NO;
				GCC_NO_COMMON_BLOCKS = YES;
				GCC_OPTIMIZATION_LEVEL = 0;
				GCC_PREPROCESSOR_DEFINITIONS = (
					"DEBUG=1",
					"$(inherited)",
				);
				GCC_WARN_64_TO_32_BIT_CONVERSION = YES;
				GCC_WARN_ABOUT_RETURN_TYPE = YES_ERROR;
				GCC_WARN_UNDECLARED_SELECTOR = YES;
				GCC_WARN_UNINITIALIZED_AUTOS = YES_AGGRESSIVE;
				GCC_WARN_UNUSED_FUNCTION = YES;
				GCC_WARN_UNUSED_VARIABLE = YES;
				IPHONEOS_DEPLOYMENT_TARGET = 17.2;
				LOCALIZATION_PREFERS_STRING_CATALOGS = YES;
				MTL_ENABLE_DEBUG_INFO = INCLUDE_SOURCE;
				MTL_FAST_MATH = YES;
				ONLY_ACTIVE_ARCH = YES;
				SDKROOT = iphoneos;
				SWIFT_ACTIVE_COMPILATION_CONDITIONS = "DEBUG $(inherited)";
				SWIFT_OPTIMIZATION_LEVEL = "-Onone";
			};
			name = Debug;
		};
		222910612BC1905C000FE888 /* Release */ = {
			isa = XCBuildConfiguration;
			buildSettings = {
				ALWAYS_SEARCH_USER_PATHS = NO;
				ASSETCATALOG_COMPILER_GENERATE_SWIFT_ASSET_SYMBOL_EXTENSIONS = YES;
				CLANG_ANALYZER_NONNULL = YES;
				CLANG_ANALYZER_NUMBER_OBJECT_CONVERSION = YES_AGGRESSIVE;
				CLANG_CXX_LANGUAGE_STANDARD = "gnu++20";
				CLANG_ENABLE_MODULES = YES;
				CLANG_ENABLE_OBJC_ARC = YES;
				CLANG_ENABLE_OBJC_WEAK = YES;
				CLANG_WARN_BLOCK_CAPTURE_AUTORELEASING = YES;
				CLANG_WARN_BOOL_CONVERSION = YES;
				CLANG_WARN_COMMA = YES;
				CLANG_WARN_CONSTANT_CONVERSION = YES;
				CLANG_WARN_DEPRECATED_OBJC_IMPLEMENTATIONS = YES;
				CLANG_WARN_DIRECT_OBJC_ISA_USAGE = YES_ERROR;
				CLANG_WARN_DOCUMENTATION_COMMENTS = YES;
				CLANG_WARN_EMPTY_BODY = YES;
				CLANG_WARN_ENUM_CONVERSION = YES;
				CLANG_WARN_INFINITE_RECURSION = YES;
				CLANG_WARN_INT_CONVERSION = YES;
				CLANG_WARN_NON_LITERAL_NULL_CONVERSION = YES;
				CLANG_WARN_OBJC_IMPLICIT_RETAIN_SELF = YES;
				CLANG_WARN_OBJC_LITERAL_CONVERSION = YES;
				CLANG_WARN_OBJC_ROOT_CLASS = YES_ERROR;
				CLANG_WARN_QUOTED_INCLUDE_IN_FRAMEWORK_HEADER = YES;
				CLANG_WARN_RANGE_LOOP_ANALYSIS = YES;
				CLANG_WARN_STRICT_PROTOTYPES = YES;
				CLANG_WARN_SUSPICIOUS_MOVE = YES;
				CLANG_WARN_UNGUARDED_AVAILABILITY = YES_AGGRESSIVE;
				CLANG_WARN_UNREACHABLE_CODE = YES;
				CLANG_WARN__DUPLICATE_METHOD_MATCH = YES;
				COPY_PHASE_STRIP = NO;
				DEBUG_INFORMATION_FORMAT = "dwarf-with-dsym";
				ENABLE_NS_ASSERTIONS = NO;
				ENABLE_STRICT_OBJC_MSGSEND = YES;
				ENABLE_USER_SCRIPT_SANDBOXING = YES;
				GCC_C_LANGUAGE_STANDARD = gnu17;
				GCC_NO_COMMON_BLOCKS = YES;
				GCC_WARN_64_TO_32_BIT_CONVERSION = YES;
				GCC_WARN_ABOUT_RETURN_TYPE = YES_ERROR;
				GCC_WARN_UNDECLARED_SELECTOR = YES;
				GCC_WARN_UNINITIALIZED_AUTOS = YES_AGGRESSIVE;
				GCC_WARN_UNUSED_FUNCTION = YES;
				GCC_WARN_UNUSED_VARIABLE = YES;
				IPHONEOS_DEPLOYMENT_TARGET = 17.2;
				LOCALIZATION_PREFERS_STRING_CATALOGS = YES;
				MTL_ENABLE_DEBUG_INFO = NO;
				MTL_FAST_MATH = YES;
				SDKROOT = iphoneos;
				SWIFT_COMPILATION_MODE = wholemodule;
				VALIDATE_PRODUCT = YES;
			};
			name = Release;
		};
		222910632BC1905C000FE888 /* Debug */ = {
			isa = XCBuildConfiguration;
			buildSettings = {
				ASSETCATALOG_COMPILER_APPICON_NAME = AppIcon;
				ASSETCATALOG_COMPILER_GLOBAL_ACCENT_COLOR_NAME = AccentColor;
				CODE_SIGN_ENTITLEMENTS = SplitCircle/SplitCircle.entitlements;
				CODE_SIGN_STYLE = Automatic;
				CURRENT_PROJECT_VERSION = 1;
				DEVELOPMENT_ASSET_PATHS = "\"SplitCircle/Preview Content\"";
				DEVELOPMENT_TEAM = M8XH5S3MW8;
				ENABLE_PREVIEWS = YES;
				GENERATE_INFOPLIST_FILE = YES;
				INFOPLIST_FILE = SplitCircle/Info.plist;
				INFOPLIST_KEY_UIApplicationSceneManifest_Generation = YES;
				INFOPLIST_KEY_UIApplicationSupportsIndirectInputEvents = YES;
				INFOPLIST_KEY_UILaunchScreen_Generation = YES;
				INFOPLIST_KEY_UISupportedInterfaceOrientations_iPad = "UIInterfaceOrientationPortrait UIInterfaceOrientationPortraitUpsideDown UIInterfaceOrientationLandscapeLeft UIInterfaceOrientationLandscapeRight";
				INFOPLIST_KEY_UISupportedInterfaceOrientations_iPhone = "UIInterfaceOrientationPortrait UIInterfaceOrientationLandscapeLeft UIInterfaceOrientationLandscapeRight";
				LD_RUNPATH_SEARCH_PATHS = (
					"$(inherited)",
					"@executable_path/Frameworks",
				);
				MARKETING_VERSION = 1.5;
				PRODUCT_BUNDLE_IDENTIFIER = org.splitcircle.app.SplitCircle;
				PRODUCT_NAME = "$(TARGET_NAME)";
				SWIFT_EMIT_LOC_STRINGS = YES;
				SWIFT_VERSION = 5.0;
				TARGETED_DEVICE_FAMILY = "1,2";
			};
			name = Debug;
		};
		222910642BC1905C000FE888 /* Release */ = {
			isa = XCBuildConfiguration;
			buildSettings = {
				ASSETCATALOG_COMPILER_APPICON_NAME = AppIcon;
				ASSETCATALOG_COMPILER_GLOBAL_ACCENT_COLOR_NAME = AccentColor;
				CODE_SIGN_ENTITLEMENTS = SplitCircle/SplitCircle.entitlements;
				CODE_SIGN_STYLE = Automatic;
				CURRENT_PROJECT_VERSION = 1;
				DEVELOPMENT_ASSET_PATHS = "\"SplitCircle/Preview Content\"";
				DEVELOPMENT_TEAM = M8XH5S3MW8;
				ENABLE_PREVIEWS = YES;
				GENERATE_INFOPLIST_FILE = YES;
				INFOPLIST_FILE = SplitCircle/Info.plist;
				INFOPLIST_KEY_UIApplicationSceneManifest_Generation = YES;
				INFOPLIST_KEY_UIApplicationSupportsIndirectInputEvents = YES;
				INFOPLIST_KEY_UILaunchScreen_Generation = YES;
				INFOPLIST_KEY_UISupportedInterfaceOrientations_iPad = "UIInterfaceOrientationPortrait UIInterfaceOrientationPortraitUpsideDown UIInterfaceOrientationLandscapeLeft UIInterfaceOrientationLandscapeRight";
				INFOPLIST_KEY_UISupportedInterfaceOrientations_iPhone = "UIInterfaceOrientationPortrait UIInterfaceOrientationLandscapeLeft UIInterfaceOrientationLandscapeRight";
				LD_RUNPATH_SEARCH_PATHS = (
					"$(inherited)",
					"@executable_path/Frameworks",
				);
				MARKETING_VERSION = 1.5;
				PRODUCT_BUNDLE_IDENTIFIER = org.splitcircle.app.SplitCircle;
				PRODUCT_NAME = "$(TARGET_NAME)";
				SWIFT_EMIT_LOC_STRINGS = YES;
				SWIFT_VERSION = 5.0;
				TARGETED_DEVICE_FAMILY = "1,2";
			};
			name = Release;
		};
		222910662BC1905C000FE888 /* Debug */ = {
			isa = XCBuildConfiguration;
			buildSettings = {
				ALWAYS_EMBED_SWIFT_STANDARD_LIBRARIES = YES;
				BUNDLE_LOADER = "$(TEST_HOST)";
				CODE_SIGN_STYLE = Automatic;
				CURRENT_PROJECT_VERSION = 1;
				DEVELOPMENT_TEAM = M8XH5S3MW8;
				GENERATE_INFOPLIST_FILE = YES;
				IPHONEOS_DEPLOYMENT_TARGET = 17.2;
				MARKETING_VERSION = 1.0;
				PRODUCT_BUNDLE_IDENTIFIER = org.splitcircle.app.SplitCircleTests;
				PRODUCT_NAME = "$(TARGET_NAME)";
				SWIFT_EMIT_LOC_STRINGS = NO;
				SWIFT_VERSION = 5.0;
				TARGETED_DEVICE_FAMILY = "1,2";
				TEST_HOST = "$(BUILT_PRODUCTS_DIR)/SplitCircle.app/$(BUNDLE_EXECUTABLE_FOLDER_PATH)/SplitCircle";
			};
			name = Debug;
		};
		222910672BC1905C000FE888 /* Release */ = {
			isa = XCBuildConfiguration;
			buildSettings = {
				ALWAYS_EMBED_SWIFT_STANDARD_LIBRARIES = YES;
				BUNDLE_LOADER = "$(TEST_HOST)";
				CODE_SIGN_STYLE = Automatic;
				CURRENT_PROJECT_VERSION = 1;
				DEVELOPMENT_TEAM = M8XH5S3MW8;
				GENERATE_INFOPLIST_FILE = YES;
				IPHONEOS_DEPLOYMENT_TARGET = 17.2;
				MARKETING_VERSION = 1.0;
				PRODUCT_BUNDLE_IDENTIFIER = org.splitcircle.app.SplitCircleTests;
				PRODUCT_NAME = "$(TARGET_NAME)";
				SWIFT_EMIT_LOC_STRINGS = NO;
				SWIFT_VERSION = 5.0;
				TARGETED_DEVICE_FAMILY = "1,2";
				TEST_HOST = "$(BUILT_PRODUCTS_DIR)/SplitCircle.app/$(BUNDLE_EXECUTABLE_FOLDER_PATH)/SplitCircle";
			};
			name = Release;
		};
		222910692BC1905C000FE888 /* Debug */ = {
			isa = XCBuildConfiguration;
			buildSettings = {
				ALWAYS_EMBED_SWIFT_STANDARD_LIBRARIES = YES;
				CODE_SIGN_STYLE = Automatic;
				CURRENT_PROJECT_VERSION = 1;
				DEVELOPMENT_TEAM = M8XH5S3MW8;
				GENERATE_INFOPLIST_FILE = YES;
				MARKETING_VERSION = 1.0;
				PRODUCT_BUNDLE_IDENTIFIER = org.splitcircle.app.SplitCircleUITests;
				PRODUCT_NAME = "$(TARGET_NAME)";
				SWIFT_EMIT_LOC_STRINGS = NO;
				SWIFT_VERSION = 5.0;
				TARGETED_DEVICE_FAMILY = "1,2";
				TEST_TARGET_NAME = SplitCircle;
			};
			name = Debug;
		};
		2229106A2BC1905C000FE888 /* Release */ = {
			isa = XCBuildConfiguration;
			buildSettings = {
				ALWAYS_EMBED_SWIFT_STANDARD_LIBRARIES = YES;
				CODE_SIGN_STYLE = Automatic;
				CURRENT_PROJECT_VERSION = 1;
				DEVELOPMENT_TEAM = M8XH5S3MW8;
				GENERATE_INFOPLIST_FILE = YES;
				MARKETING_VERSION = 1.0;
				PRODUCT_BUNDLE_IDENTIFIER = org.splitcircle.app.SplitCircleUITests;
				PRODUCT_NAME = "$(TARGET_NAME)";
				SWIFT_EMIT_LOC_STRINGS = NO;
				SWIFT_VERSION = 5.0;
				TARGETED_DEVICE_FAMILY = "1,2";
				TEST_TARGET_NAME = SplitCircle;
			};
			name = Release;
		};
/* End XCBuildConfiguration section */

/* Begin XCConfigurationList section */
		222910352BC1905B000FE888 /* Build configuration list for PBXProject "SplitCircle" */ = {
			isa = XCConfigurationList;
			buildConfigurations = (
				222910602BC1905C000FE888 /* Debug */,
				222910612BC1905C000FE888 /* Release */,
			);
			defaultConfigurationIsVisible = 0;
			defaultConfigurationName = Release;
		};
		222910622BC1905C000FE888 /* Build configuration list for PBXNativeTarget "SplitCircle" */ = {
			isa = XCConfigurationList;
			buildConfigurations = (
				222910632BC1905C000FE888 /* Debug */,
				222910642BC1905C000FE888 /* Release */,
			);
			defaultConfigurationIsVisible = 0;
			defaultConfigurationName = Release;
		};
		222910652BC1905C000FE888 /* Build configuration list for PBXNativeTarget "SplitCircleTests" */ = {
			isa = XCConfigurationList;
			buildConfigurations = (
				222910662BC1905C000FE888 /* Debug */,
				222910672BC1905C000FE888 /* Release */,
			);
			defaultConfigurationIsVisible = 0;
			defaultConfigurationName = Release;
		};
		222910682BC1905C000FE888 /* Build configuration list for PBXNativeTarget "SplitCircleUITests" */ = {
			isa = XCConfigurationList;
			buildConfigurations = (
				222910692BC1905C000FE888 /* Debug */,
				2229106A2BC1905C000FE888 /* Release */,
			);
			defaultConfigurationIsVisible = 0;
			defaultConfigurationName = Release;
		};
/* End XCConfigurationList section */
	};
	rootObject = 222910322BC1905B000FE888 /* Project object */;
}
